
Microsoft Visual Studio Solution File, Format Version 12.00
# Visual Studio 15
VisualStudioVersion = 15.0.27130.2026
MinimumVisualStudioVersion = 10.0.40219.1
Project("{FAE04EC0-301F-11D3-BF4B-00C04F79EFBC}") = "CodeGen", "CodeGen\CodeGen.csproj", "{A39B746C-57E1-4DBF-ACEE-DCBFF8A0D643}"
EndProject
Project("{FAE04EC0-301F-11D3-BF4B-00C04F79EFBC}") = "FixedMath.NET", "FixedMath.Net\FixedMath.NET.csproj", "{D46C606E-5826-465F-9983-251E3D3B2F1C}"
EndProject
Project("{FAE04EC0-301F-11D3-BF4B-00C04F79EFBC}") = "Spaceship", "Spaceship\Spaceship.csproj", "{EB3C7E44-5221-433B-9EBF-117692DA6962}"
EndProject
Project("{FAE04EC0-301F-11D3-BF4B-00C04F79EFBC}") = "Tests", "Tests\Tests.csproj", "{7FD64D60-4FB1-4F73-BCD3-40C6922BF391}"
EndProject
Global
	GlobalSection(SolutionConfigurationPlatforms) = preSolution
		Debug|Any CPU = Debug|Any CPU
		Release|Any CPU = Release|Any CPU
	EndGlobalSection
	GlobalSection(ProjectConfigurationPlatforms) = postSolution
		{A39B746C-57E1-4DBF-ACEE-DCBFF8A0D643}.Debug|Any CPU.ActiveCfg = Debug|Any CPU
		{A39B746C-57E1-4DBF-ACEE-DCBFF8A0D643}.Debug|Any CPU.Build.0 = Debug|Any CPU
		{A39B746C-57E1-4DBF-ACEE-DCBFF8A0D643}.Release|Any CPU.ActiveCfg = Release|Any CPU
		{A39B746C-57E1-4DBF-ACEE-DCBFF8A0D643}.Release|Any CPU.Build.0 = Release|Any CPU
		{D46C606E-5826-465F-9983-251E3D3B2F1C}.Debug|Any CPU.ActiveCfg = Debug|Any CPU
		{D46C606E-5826-465F-9983-251E3D3B2F1C}.Debug|Any CPU.Build.0 = Debug|Any CPU
		{D46C606E-5826-465F-9983-251E3D3B2F1C}.Release|Any CPU.ActiveCfg = Release|Any CPU
		{D46C606E-5826-465F-9983-251E3D3B2F1C}.Release|Any CPU.Build.0 = Release|Any CPU
		{EB3C7E44-5221-433B-9EBF-117692DA6962}.Debug|Any CPU.ActiveCfg = Debug|Any CPU
		{EB3C7E44-5221-433B-9EBF-117692DA6962}.Debug|Any CPU.Build.0 = Debug|Any CPU
		{EB3C7E44-5221-433B-9EBF-117692DA6962}.Release|Any CPU.ActiveCfg = Release|Any CPU
		{EB3C7E44-5221-433B-9EBF-117692DA6962}.Release|Any CPU.Build.0 = Release|Any CPU
		{7FD64D60-4FB1-4F73-BCD3-40C6922BF391}.Debug|Any CPU.ActiveCfg = Debug|Any CPU
		{7FD64D60-4FB1-4F73-BCD3-40C6922BF391}.Debug|Any CPU.Build.0 = Debug|Any CPU
		{7FD64D60-4FB1-4F73-BCD3-40C6922BF391}.Release|Any CPU.ActiveCfg = Release|Any CPU
		{7FD64D60-4FB1-4F73-BCD3-40C6922BF391}.Release|Any CPU.Build.0 = Release|Any CPU
	EndGlobalSection
	GlobalSection(SolutionProperties) = preSolution
		HideSolutionNode = FALSE
	EndGlobalSection
	GlobalSection(ExtensibilityGlobals) = postSolution
		SolutionGuid = {E3E4C95D-702B-4751-9CBC-0FE86042BE7A}
	EndGlobalSection
EndGlobal
